
Microsoft Visual Studio Solution File, Format Version 12.00
# Visual Studio Version 17
VisualStudioVersion = 17.5.33530.505
MinimumVisualStudioVersion = 10.0.40219.1
Project("{FAE04EC0-301F-11D3-BF4B-00C04F79EFBC}") = "App_ManagementSystemForBusiness_Lab", "App_ManagementSystemForBusiness_Lab\App_ManagementSystemForBusiness_Lab.csproj", "{0B299BFD-A388-43A6-A592-C7C7911F7B53}"
EndProject
Project("{2150E333-8FDC-42A3-9474-1A3956D46DE8}") = "Authorization", "Authorization", "{B0E82960-E79E-42A4-BD59-E9A78D9EED51}"
EndProject
Project("{FAE04EC0-301F-11D3-BF4B-00C04F79EFBC}") = "Auth", "Auth\Auth.csproj", "{EB9A1BC8-BC62-412C-B471-1A587D83E888}"
EndProject
Project("{FAE04EC0-301F-11D3-BF4B-00C04F79EFBC}") = "Auth_DAL", "Auth_DAL\Auth_DAL.csproj", "{963B22F7-842D-405C-B041-81BC93430630}"
EndProject
Project("{FAE04EC0-301F-11D3-BF4B-00C04F79EFBC}") = "Auth_DTO", "Auth_DTO\Auth_DTO.csproj", "{2D6E7C54-D305-46E5-868E-E0B3ECDD1DFC}"
EndProject
Project("{2150E333-8FDC-42A3-9474-1A3956D46DE8}") = "Production", "Production", "{9E67779B-7A1D-4A2F-95F1-5FDA297A36DC}"
EndProject
Project("{FAE04EC0-301F-11D3-BF4B-00C04F79EFBC}") = "Product", "Product\Product.csproj", "{E9600FF1-B55A-42CB-AB15-A87D87BF0D2A}"
EndProject
Project("{FAE04EC0-301F-11D3-BF4B-00C04F79EFBC}") = "Product_DAL", "Product_DAL\Product_DAL.csproj", "{F8313BAA-82A8-4B98-BFDC-DCB1A9268EEC}"
EndProject
Project("{FAE04EC0-301F-11D3-BF4B-00C04F79EFBC}") = "Product_DTO", "Product_DTO\Product_DTO.csproj", "{2190B8A0-D9D8-409F-8E8D-89A918E9B9D7}"
EndProject
Global
	GlobalSection(SolutionConfigurationPlatforms) = preSolution
		Debug|Any CPU = Debug|Any CPU
		Release|Any CPU = Release|Any CPU
	EndGlobalSection
	GlobalSection(ProjectConfigurationPlatforms) = postSolution
		{0B299BFD-A388-43A6-A592-C7C7911F7B53}.Debug|Any CPU.ActiveCfg = Debug|Any CPU
		{0B299BFD-A388-43A6-A592-C7C7911F7B53}.Debug|Any CPU.Build.0 = Debug|Any CPU
		{0B299BFD-A388-43A6-A592-C7C7911F7B53}.Release|Any CPU.ActiveCfg = Release|Any CPU
		{0B299BFD-A388-43A6-A592-C7C7911F7B53}.Release|Any CPU.Build.0 = Release|Any CPU
		{EB9A1BC8-BC62-412C-B471-1A587D83E888}.Debug|Any CPU.ActiveCfg = Debug|Any CPU
		{EB9A1BC8-BC62-412C-B471-1A587D83E888}.Debug|Any CPU.Build.0 = Debug|Any CPU
		{EB9A1BC8-BC62-412C-B471-1A587D83E888}.Release|Any CPU.ActiveCfg = Release|Any CPU
		{EB9A1BC8-BC62-412C-B471-1A587D83E888}.Release|Any CPU.Build.0 = Release|Any CPU
		{963B22F7-842D-405C-B041-81BC93430630}.Debug|Any CPU.ActiveCfg = Debug|Any CPU
		{963B22F7-842D-405C-B041-81BC93430630}.Debug|Any CPU.Build.0 = Debug|Any CPU
		{963B22F7-842D-405C-B041-81BC93430630}.Release|Any CPU.ActiveCfg = Release|Any CPU
		{963B22F7-842D-405C-B041-81BC93430630}.Release|Any CPU.Build.0 = Release|Any CPU
		{2D6E7C54-D305-46E5-868E-E0B3ECDD1DFC}.Debug|Any CPU.ActiveCfg = Debug|Any CPU
		{2D6E7C54-D305-46E5-868E-E0B3ECDD1DFC}.Debug|Any CPU.Build.0 = Debug|Any CPU
		{2D6E7C54-D305-46E5-868E-E0B3ECDD1DFC}.Release|Any CPU.ActiveCfg = Release|Any CPU
		{2D6E7C54-D305-46E5-868E-E0B3ECDD1DFC}.Release|Any CPU.Build.0 = Release|Any CPU
		{E9600FF1-B55A-42CB-AB15-A87D87BF0D2A}.Debug|Any CPU.ActiveCfg = Debug|Any CPU
		{E9600FF1-B55A-42CB-AB15-A87D87BF0D2A}.Debug|Any CPU.Build.0 = Debug|Any CPU
		{E9600FF1-B55A-42CB-AB15-A87D87BF0D2A}.Release|Any CPU.ActiveCfg = Release|Any CPU
		{E9600FF1-B55A-42CB-AB15-A87D87BF0D2A}.Release|Any CPU.Build.0 = Release|Any CPU
		{F8313BAA-82A8-4B98-BFDC-DCB1A9268EEC}.Debug|Any CPU.ActiveCfg = Debug|Any CPU
		{F8313BAA-82A8-4B98-BFDC-DCB1A9268EEC}.Debug|Any CPU.Build.0 = Debug|Any CPU
		{F8313BAA-82A8-4B98-BFDC-DCB1A9268EEC}.Release|Any CPU.ActiveCfg = Release|Any CPU
		{F8313BAA-82A8-4B98-BFDC-DCB1A9268EEC}.Release|Any CPU.Build.0 = Release|Any CPU
		{2190B8A0-D9D8-409F-8E8D-89A918E9B9D7}.Debug|Any CPU.ActiveCfg = Debug|Any CPU
		{2190B8A0-D9D8-409F-8E8D-89A918E9B9D7}.Debug|Any CPU.Build.0 = Debug|Any CPU
		{2190B8A0-D9D8-409F-8E8D-89A918E9B9D7}.Release|Any CPU.ActiveCfg = Release|Any CPU
		{2190B8A0-D9D8-409F-8E8D-89A918E9B9D7}.Release|Any CPU.Build.0 = Release|Any CPU
	EndGlobalSection
	GlobalSection(SolutionProperties) = preSolution
		HideSolutionNode = FALSE
	EndGlobalSection
	GlobalSection(NestedProjects) = preSolution
		{EB9A1BC8-BC62-412C-B471-1A587D83E888} = {B0E82960-E79E-42A4-BD59-E9A78D9EED51}
		{963B22F7-842D-405C-B041-81BC93430630} = {B0E82960-E79E-42A4-BD59-E9A78D9EED51}
		{2D6E7C54-D305-46E5-868E-E0B3ECDD1DFC} = {B0E82960-E79E-42A4-BD59-E9A78D9EED51}
		{E9600FF1-B55A-42CB-AB15-A87D87BF0D2A} = {9E67779B-7A1D-4A2F-95F1-5FDA297A36DC}
		{F8313BAA-82A8-4B98-BFDC-DCB1A9268EEC} = {9E67779B-7A1D-4A2F-95F1-5FDA297A36DC}
		{2190B8A0-D9D8-409F-8E8D-89A918E9B9D7} = {9E67779B-7A1D-4A2F-95F1-5FDA297A36DC}
	EndGlobalSection
	GlobalSection(ExtensibilityGlobals) = postSolution
		SolutionGuid = {D34D64EC-4CEE-4350-85BD-71C953FA4EE9}
	EndGlobalSection
EndGlobal
